
Microsoft Visual Studio Solution File, Format Version 12.00
# Visual Studio Version 16
VisualStudioVersion = 16.0.31702.278
MinimumVisualStudioVersion = 10.0.40219.1
Project("{FAE04EC0-301F-11D3-BF4B-00C04F79EFBC}") = "Projeto3", "Projeto3\Projeto3.csproj", "{665DFE54-FAC5-4F0B-97EE-79E0C4B011C0}"
EndProject
Global
	GlobalSection(SolutionConfigurationPlatforms) = preSolution
		Debug|Any CPU = Debug|Any CPU
		Release|Any CPU = Release|Any CPU
	EndGlobalSection
	GlobalSection(ProjectConfigurationPlatforms) = postSolution
		{665DFE54-FAC5-4F0B-97EE-79E0C4B011C0}.Debug|Any CPU.ActiveCfg = Debug|Any CPU
		{665DFE54-FAC5-4F0B-97EE-79E0C4B011C0}.Debug|Any CPU.Build.0 = Debug|Any CPU
		{665DFE54-FAC5-4F0B-97EE-79E0C4B011C0}.Release|Any CPU.ActiveCfg = Release|Any CPU
		{665DFE54-FAC5-4F0B-97EE-79E0C4B011C0}.Release|Any CPU.Build.0 = Release|Any CPU
	EndGlobalSection
	GlobalSection(SolutionProperties) = preSolution
		HideSolutionNode = FALSE
	EndGlobalSection
	GlobalSection(ExtensibilityGlobals) = postSolution
		SolutionGuid = {A6244592-F3D8-47E0-BCCE-81FA9CE292E8}
	EndGlobalSection
EndGlobal
